
Microsoft Visual Studio Solution File, Format Version 12.00
# Visual Studio 15
VisualStudioVersion = 15.0.33026.149
MinimumVisualStudioVersion = 10.0.40219.1
Project("{FAE04EC0-301F-11D3-BF4B-00C04F79EFBC}") = "ModbusProtocolRtu", "ModbusProtocolRtu\ModbusProtocolRtu.csproj", "{DD235869-FF5F-4D45-BA58-6CB993C282C9}"
EndProject
Global
	GlobalSection(SolutionConfigurationPlatforms) = preSolution
		Debug|Any CPU = Debug|Any CPU
		Release|Any CPU = Release|Any CPU
	EndGlobalSection
	GlobalSection(ProjectConfigurationPlatforms) = postSolution
		{DD235869-FF5F-4D45-BA58-6CB993C282C9}.Debug|Any CPU.ActiveCfg = Debug|Any CPU
		{DD235869-FF5F-4D45-BA58-6CB993C282C9}.Debug|Any CPU.Build.0 = Debug|Any CPU
		{DD235869-FF5F-4D45-BA58-6CB993C282C9}.Release|Any CPU.ActiveCfg = Release|Any CPU
		{DD235869-FF5F-4D45-BA58-6CB993C282C9}.Release|Any CPU.Build.0 = Release|Any CPU
	EndGlobalSection
	GlobalSection(SolutionProperties) = preSolution
		HideSolutionNode = FALSE
	EndGlobalSection
	GlobalSection(ExtensibilityGlobals) = postSolution
		SolutionGuid = {F4091DDE-C189-4CAC-B66C-50812E6DA860}
	EndGlobalSection
EndGlobal
